PODS:
  - GLTFSceneKit (0.1.3)
  - SamMitiAR (0.1.2):
    - GLTFSceneKit (~> 0.1)

DEPENDENCIES:
  - SamMitiAR (from `../../`)

SPEC REPOS:
  https://github.com/cocoapods/specs.git:
    - GLTFSceneKit

EXTERNAL SOURCES:
  SamMitiAR:
    :path: "../../"

SPEC CHECKSUMS:
  GLTFSceneKit: fbec7ef104128201bde53ac5bc37c8a05d764cdf
  SamMitiAR: 3ed0eb3b5540c3244bfb789f60bc92f83aca09a9

PODFILE CHECKSUM: 797ca431afdf7b558cc4f16920f3ab75a8ae1cfd

COCOAPODS: 1.5.3
