// !$*UTF8*$!
{
	archiveVersion = 1;
	classes = {
	};
	objectVersion = 48;
	objects = {

/* Begin PBXBuildFile section */
		445BF320D43E562B383C3D70 /* Pods_SamMiti_Auto_Placing_Example.framework in Frameworks */ = {isa = PBXBuildFile; fileRef = 6A4E9EEA90E1AADFB8BD28A2 /* Pods_SamMiti_Auto_Placing_Example.framework */; };
		634F93BD463A825B5547CCA4 /* Pods_SamMiti_Example.framework in Frameworks */ = {isa = PBXBuildFile; fileRef = FC67DE831F7D00A6D6B6BEB4 /* Pods_SamMiti_Example.framework */; };
		904B7FA72020AF1F0038B799 /* ARViewController.swift in Sources */ = {isa = PBXBuildFile; fileRef = 904B7FA62020AF1F0038B799 /* ARViewController.swift */; };
		907AED62202CE980002E487D /* art.scnassets in Resources */ = {isa = PBXBuildFile; fileRef = 907AED61202CE980002E487D /* art.scnassets */; };
		90A19A29201FAB67007ED597 /* AppDelegate.swift in Sources */ = {isa = PBXBuildFile; fileRef = 90A19A28201FAB67007ED597 /* AppDelegate.swift */; };
		90A19A2B201FAB67007ED597 /* ViewController.swift in Sources */ = {isa = PBXBuildFile; fileRef = 90A19A2A201FAB67007ED597 /* ViewController.swift */; };
		90A19A2E201FAB67007ED597 /* Main.storyboard in Resources */ = {isa = PBXBuildFile; fileRef = 90A19A2C201FAB67007ED597 /* Main.storyboard */; };
		90A19A30201FAB67007ED597 /* Assets.xcassets in Resources */ = {isa = PBXBuildFile; fileRef = 90A19A2F201FAB67007ED597 /* Assets.xcassets */; };
		90A19A33201FAB67007ED597 /* LaunchScreen.storyboard in Resources */ = {isa = PBXBuildFile; fileRef = 90A19A31201FAB67007ED597 /* LaunchScreen.storyboard */; };
		90AEF19921042C0100F69692 /* AppDelegate.swift in Sources */ = {isa = PBXBuildFile; fileRef = 90AEF19821042C0100F69692 /* AppDelegate.swift */; };
		90AEF19B21042C0100F69692 /* ViewController.swift in Sources */ = {isa = PBXBuildFile; fileRef = 90AEF19A21042C0100F69692 /* ViewController.swift */; };
		90AEF19E21042C0100F69692 /* Main.storyboard in Resources */ = {isa = PBXBuildFile; fileRef = 90AEF19C21042C0100F69692 /* Main.storyboard */; };
		90AEF1A021042C0200F69692 /* Assets.xcassets in Resources */ = {isa = PBXBuildFile; fileRef = 90AEF19F21042C0200F69692 /* Assets.xcassets */; };
		90AEF1A321042C0200F69692 /* LaunchScreen.storyboard in Resources */ = {isa = PBXBuildFile; fileRef = 90AEF1A121042C0200F69692 /* LaunchScreen.storyboard */; };
		90AEF1AB21042CDE00F69692 /* art.scnassets in Resources */ = {isa = PBXBuildFile; fileRef = 90AEF1AA21042CDE00F69692 /* art.scnassets */; };
		90AEF1AD21042CEA00F69692 /* ARViewController.swift in Sources */ = {isa = PBXBuildFile; fileRef = 90AEF1AC21042CEA00F69692 /* ARViewController.swift */; };
		90C4E945202DF224005DFED5 /* SamMitiVirtualObjectExtension.swift in Sources */ = {isa = PBXBuildFile; fileRef = 90C4E944202DF224005DFED5 /* SamMitiVirtualObjectExtension.swift */; };
		D05DA03320D53CDB0009BF7B /* GoogleService-Info.plist in Resources */ = {isa = PBXBuildFile; fileRef = D05DA03220D53CDB0009BF7B /* GoogleService-Info.plist */; };
/* End PBXBuildFile section */

/* Begin PBXFileReference section */
		5061CE79337B79943D42A71B /* Pods-SamMiti Auto Placing Example.debug.xcconfig */ = {isa = PBXFileReference; includeInIndex = 1; lastKnownFileType = text.xcconfig; name = "Pods-SamMiti Auto Placing Example.debug.xcconfig"; path = "Pods/Target Support Files/Pods-SamMiti Auto Placing Example/Pods-SamMiti Auto Placing Example.debug.xcconfig"; sourceTree = "<group>"; };
		6A4E9EEA90E1AADFB8BD28A2 /* Pods_SamMiti_Auto_Placing_Example.framework */ = {isa = PBXFileReference; explicitFileType = wrapper.framework; includeInIndex = 0; path = Pods_SamMiti_Auto_Placing_Example.framework; sourceTree = BUILT_PRODUCTS_DIR; };
		904B7FA62020AF1F0038B799 /* ARViewController.swift */ = {isa = PBXFileReference; lastKnownFileType = sourcecode.swift; path = ARViewController.swift; sourceTree = "<group>"; };
		907AED61202CE980002E487D /* art.scnassets */ = {isa = PBXFileReference; lastKnownFileType = wrapper.scnassets; path = art.scnassets; sourceTree = "<group>"; };
		90A19A25201FAB67007ED597 /* SamMiti-Example.app */ = {isa = PBXFileReference; explicitFileType = wrapper.application; includeInIndex = 0; path = "SamMiti-Example.app"; sourceTree = BUILT_PRODUCTS_DIR; };
		90A19A28201FAB67007ED597 /* AppDelegate.swift */ = {isa = PBXFileReference; lastKnownFileType = sourcecode.swift; path = AppDelegate.swift; sourceTree = "<group>"; };
		90A19A2A201FAB67007ED597 /* ViewController.swift */ = {isa = PBXFileReference; lastKnownFileType = sourcecode.swift; path = ViewController.swift; sourceTree = "<group>"; };
		90A19A2D201FAB67007ED597 /* Base */ = {isa = PBXFileReference; lastKnownFileType = file.storyboard; name = Base; path = Base.lproj/Main.storyboard; sourceTree = "<group>"; };
		90A19A2F201FAB67007ED597 /* Assets.xcassets */ = {isa = PBXFileReference; lastKnownFileType = folder.assetcatalog; path = Assets.xcassets; sourceTree = "<group>"; };
		90A19A32201FAB67007ED597 /* Base */ = {isa = PBXFileReference; lastKnownFileType = file.storyboard; name = Base; path = Base.lproj/LaunchScreen.storyboard; sourceTree = "<group>"; };
		90A19A34201FAB67007ED597 /* Info.plist */ = {isa = PBXFileReference; lastKnownFileType = text.plist.xml; path = Info.plist; sourceTree = "<group>"; };
		90AEF19621042C0100F69692 /* SamMiti Auto Placing Example.app */ = {isa = PBXFileReference; explicitFileType = wrapper.application; includeInIndex = 0; path = "SamMiti Auto Placing Example.app"; sourceTree = BUILT_PRODUCTS_DIR; };
		90AEF19821042C0100F69692 /* AppDelegate.swift */ = {isa = PBXFileReference; lastKnownFileType = sourcecode.swift; path = AppDelegate.swift; sourceTree = "<group>"; };
		90AEF19A21042C0100F69692 /* ViewController.swift */ = {isa = PBXFileReference; lastKnownFileType = sourcecode.swift; path = ViewController.swift; sourceTree = "<group>"; };
		90AEF19D21042C0100F69692 /* Base */ = {isa = PBXFileReference; lastKnownFileType = file.storyboard; name = Base; path = Base.lproj/Main.storyboard; sourceTree = "<group>"; };
		90AEF19F21042C0200F69692 /* Assets.xcassets */ = {isa = PBXFileReference; lastKnownFileType = folder.assetcatalog; path = Assets.xcassets; sourceTree = "<group>"; };
		90AEF1A221042C0200F69692 /* Base */ = {isa = PBXFileReference; lastKnownFileType = file.storyboard; name = Base; path = Base.lproj/LaunchScreen.storyboard; sourceTree = "<group>"; };
		90AEF1A421042C0200F69692 /* Info.plist */ = {isa = PBXFileReference; lastKnownFileType = text.plist.xml; path = Info.plist; sourceTree = "<group>"; };
		90AEF1AA21042CDE00F69692 /* art.scnassets */ = {isa = PBXFileReference; lastKnownFileType = wrapper.scnassets; path = art.scnassets; sourceTree = "<group>"; };
		90AEF1AC21042CEA00F69692 /* ARViewController.swift */ = {isa = PBXFileReference; fileEncoding = 4; lastKnownFileType = sourcecode.swift; path = ARViewController.swift; sourceTree = "<group>"; };
		90C4E944202DF224005DFED5 /* SamMitiVirtualObjectExtension.swift */ = {isa = PBXFileReference; lastKnownFileType = sourcecode.swift; path = SamMitiVirtualObjectExtension.swift; sourceTree = "<group>"; };
		961F87579380FD3A2555ADE4 /* Pods-SamMiti Auto Placing Example.release.xcconfig */ = {isa = PBXFileReference; includeInIndex = 1; lastKnownFileType = text.xcconfig; name = "Pods-SamMiti Auto Placing Example.release.xcconfig"; path = "Pods/Target Support Files/Pods-SamMiti Auto Placing Example/Pods-SamMiti Auto Placing Example.release.xcconfig"; sourceTree = "<group>"; };
		A645A372D5FFD4707A75F533 /* Pods-SamMiti-Example.debug.xcconfig */ = {isa = PBXFileReference; includeInIndex = 1; lastKnownFileType = text.xcconfig; name = "Pods-SamMiti-Example.debug.xcconfig"; path = "Pods/Target Support Files/Pods-SamMiti-Example/Pods-SamMiti-Example.debug.xcconfig"; sourceTree = "<group>"; };
		D05DA03220D53CDB0009BF7B /* GoogleService-Info.plist */ = {isa = PBXFileReference; fileEncoding = 4; lastKnownFileType = text.plist.xml; path = "GoogleService-Info.plist"; sourceTree = "<group>"; };
		E9A14DF5488C0B8CBD64DA9D /* Pods-SamMiti-Example.release.xcconfig */ = {isa = PBXFileReference; includeInIndex = 1; lastKnownFileType = text.xcconfig; name = "Pods-SamMiti-Example.release.xcconfig"; path = "Pods/Target Support Files/Pods-SamMiti-Example/Pods-SamMiti-Example.release.xcconfig"; sourceTree = "<group>"; };
		FC67DE831F7D00A6D6B6BEB4 /* Pods_SamMiti_Example.framework */ = {isa = PBXFileReference; explicitFileType = wrapper.framework; includeInIndex = 0; path = Pods_SamMiti_Example.framework; sourceTree = BUILT_PRODUCTS_DIR; };
/* End PBXFileReference section */

/* Begin PBXFrameworksBuildPhase section */
		90A19A22201FAB67007ED597 /* Frameworks */ = {
			isa = PBXFrameworksBuildPhase;
			buildActionMask = 2147483647;
			files = (
				634F93BD463A825B5547CCA4 /* Pods_SamMiti_Example.framework in Frameworks */,
			);
			runOnlyForDeploymentPostprocessing = 0;
		};
		90AEF19321042C0100F69692 /* Frameworks */ = {
			isa = PBXFrameworksBuildPhase;
			buildActionMask = 2147483647;
			files = (
				445BF320D43E562B383C3D70 /* Pods_SamMiti_Auto_Placing_Example.framework in Frameworks */,
			);
			runOnlyForDeploymentPostprocessing = 0;
		};
/* End PBXFrameworksBuildPhase section */

/* Begin PBXGroup section */
		76020E4E40FAC54A42ACBCB7 /* Frameworks */ = {
			isa = PBXGroup;
			children = (
				FC67DE831F7D00A6D6B6BEB4 /* Pods_SamMiti_Example.framework */,
				6A4E9EEA90E1AADFB8BD28A2 /* Pods_SamMiti_Auto_Placing_Example.framework */,
			);
			name = Frameworks;
			sourceTree = "<group>";
		};
		90A19A1C201FAB67007ED597 = {
			isa = PBXGroup;
			children = (
				90A19A27201FAB67007ED597 /* SamMiti-Example */,
				90AEF19721042C0100F69692 /* SamMiti Auto Placing Example */,
				90A19A26201FAB67007ED597 /* Products */,
				FA628D89C77897B8CC50B9E4 /* Pods */,
				76020E4E40FAC54A42ACBCB7 /* Frameworks */,
			);
			sourceTree = "<group>";
		};
		90A19A26201FAB67007ED597 /* Products */ = {
			isa = PBXGroup;
			children = (
				90A19A25201FAB67007ED597 /* SamMiti-Example.app */,
				90AEF19621042C0100F69692 /* SamMiti Auto Placing Example.app */,
			);
			name = Products;
			sourceTree = "<group>";
		};
		90A19A27201FAB67007ED597 /* SamMiti-Example */ = {
			isa = PBXGroup;
			children = (
				90A19A28201FAB67007ED597 /* AppDelegate.swift */,
				90A19A2A201FAB67007ED597 /* ViewController.swift */,
				90A19A2C201FAB67007ED597 /* Main.storyboard */,
				907AED61202CE980002E487D /* art.scnassets */,
				90A19A2F201FAB67007ED597 /* Assets.xcassets */,
				90A19A31201FAB67007ED597 /* LaunchScreen.storyboard */,
				D05DA03220D53CDB0009BF7B /* GoogleService-Info.plist */,
				90A19A34201FAB67007ED597 /* Info.plist */,
				904B7FA62020AF1F0038B799 /* ARViewController.swift */,
				90C4E944202DF224005DFED5 /* SamMitiVirtualObjectExtension.swift */,
			);
			path = "SamMiti-Example";
			sourceTree = "<group>";
		};
		90AEF19721042C0100F69692 /* SamMiti Auto Placing Example */ = {
			isa = PBXGroup;
			children = (
				90AEF19821042C0100F69692 /* AppDelegate.swift */,
				90AEF19A21042C0100F69692 /* ViewController.swift */,
				90AEF19C21042C0100F69692 /* Main.storyboard */,
				90AEF1AC21042CEA00F69692 /* ARViewController.swift */,
				90AEF19F21042C0200F69692 /* Assets.xcassets */,
				90AEF1AA21042CDE00F69692 /* art.scnassets */,
				90AEF1A121042C0200F69692 /* LaunchScreen.storyboard */,
				90AEF1A421042C0200F69692 /* Info.plist */,
			);
			path = "SamMiti Auto Placing Example";
			sourceTree = "<group>";
		};
		FA628D89C77897B8CC50B9E4 /* Pods */ = {
			isa = PBXGroup;
			children = (
				A645A372D5FFD4707A75F533 /* Pods-SamMiti-Example.debug.xcconfig */,
				E9A14DF5488C0B8CBD64DA9D /* Pods-SamMiti-Example.release.xcconfig */,
				5061CE79337B79943D42A71B /* Pods-SamMiti Auto Placing Example.debug.xcconfig */,
				961F87579380FD3A2555ADE4 /* Pods-SamMiti Auto Placing Example.release.xcconfig */,
			);
			name = Pods;
			sourceTree = "<group>";
		};
/* End PBXGroup section */

/* Begin PBXNativeTarget section */
		90A19A24201FAB67007ED597 /* SamMiti-Example */ = {
			isa = PBXNativeTarget;
			buildConfigurationList = 90A19A37201FAB67007ED597 /* Build configuration list for PBXNativeTarget "SamMiti-Example" */;
			buildPhases = (
				D9CF2CA6031D29CD44096D1C /* [CP] Check Pods Manifest.lock */,
				90A19A21201FAB67007ED597 /* Sources */,
				90A19A22201FAB67007ED597 /* Frameworks */,
				90A19A23201FAB67007ED597 /* Resources */,
				0B54D4457CBA4C3A2940F0FB /* [CP] Embed Pods Frameworks */,
			);
			buildRules = (
			);
			dependencies = (
			);
			name = "SamMiti-Example";
			productName = "SamMiti-Example";
			productReference = 90A19A25201FAB67007ED597 /* SamMiti-Example.app */;
			productType = "com.apple.product-type.application";
		};
		90AEF19521042C0100F69692 /* SamMiti Auto Placing Example */ = {
			isa = PBXNativeTarget;
			buildConfigurationList = 90AEF1A721042C0200F69692 /* Build configuration list for PBXNativeTarget "SamMiti Auto Placing Example" */;
			buildPhases = (
				5B5C04A99A12FF03F72D1F05 /* [CP] Check Pods Manifest.lock */,
				90AEF19221042C0100F69692 /* Sources */,
				90AEF19321042C0100F69692 /* Frameworks */,
				90AEF19421042C0100F69692 /* Resources */,
				FEFB5EC06BD2597FCC71A796 /* [CP] Embed Pods Frameworks */,
			);
			buildRules = (
			);
			dependencies = (
			);
			name = "SamMiti Auto Placing Example";
			productName = "SamMiti Auto Placing Example";
			productReference = 90AEF19621042C0100F69692 /* SamMiti Auto Placing Example.app */;
			productType = "com.apple.product-type.application";
		};
/* End PBXNativeTarget section */

/* Begin PBXProject section */
		90A19A1D201FAB67007ED597 /* Project object */ = {
			isa = PBXProject;
			attributes = {
				LastSwiftUpdateCheck = 1000;
				LastUpgradeCheck = 0930;
				ORGANIZATIONNAME = "Prolific Interactive";
				TargetAttributes = {
					90A19A24201FAB67007ED597 = {
						CreatedOnToolsVersion = 9.2;
						LastSwiftMigration = 1000;
						ProvisioningStyle = Automatic;
					};
					90AEF19521042C0100F69692 = {
						CreatedOnToolsVersion = 10.0;
						ProvisioningStyle = Automatic;
					};
				};
			};
			buildConfigurationList = 90A19A20201FAB67007ED597 /* Build configuration list for PBXProject "SamMiti-Example" */;
			compatibilityVersion = "Xcode 8.0";
			developmentRegion = en;
			hasScannedForEncodings = 0;
			knownRegions = (
				en,
				Base,
			);
			mainGroup = 90A19A1C201FAB67007ED597;
			productRefGroup = 90A19A26201FAB67007ED597 /* Products */;
			projectDirPath = "";
			projectRoot = "";
			targets = (
				90A19A24201FAB67007ED597 /* SamMiti-Example */,
				90AEF19521042C0100F69692 /* SamMiti Auto Placing Example */,
			);
		};
/* End PBXProject section */

/* Begin PBXResourcesBuildPhase section */
		90A19A23201FAB67007ED597 /* Resources */ = {
			isa = PBXResourcesBuildPhase;
			buildActionMask = 2147483647;
			files = (
				90A19A33201FAB67007ED597 /* LaunchScreen.storyboard in Resources */,
				907AED62202CE980002E487D /* art.scnassets in Resources */,
				D05DA03320D53CDB0009BF7B /* GoogleService-Info.plist in Resources */,
				90A19A30201FAB67007ED597 /* Assets.xcassets in Resources */,
				90A19A2E201FAB67007ED597 /* Main.storyboard in Resources */,
			);
			runOnlyForDeploymentPostprocessing = 0;
		};
		90AEF19421042C0100F69692 /* Resources */ = {
			isa = PBXResourcesBuildPhase;
			buildActionMask = 2147483647;
			files = (
				90AEF1A321042C0200F69692 /* LaunchScreen.storyboard in Resources */,
				90AEF1AB21042CDE00F69692 /* art.scnassets in Resources */,
				90AEF1A021042C0200F69692 /* Assets.xcassets in Resources */,
				90AEF19E21042C0100F69692 /* Main.storyboard in Resources */,
			);
			runOnlyForDeploymentPostprocessing = 0;
		};
/* End PBXResourcesBuildPhase section */

/* Begin PBXShellScriptBuildPhase section */
		0B54D4457CBA4C3A2940F0FB /* [CP] Embed Pods Frameworks */ = {
			isa = PBXShellScriptBuildPhase;
			buildActionMask = 2147483647;
			files = (
			);
			inputPaths = (
				"${SRCROOT}/Pods/Target Support Files/Pods-SamMiti-Example/Pods-SamMiti-Example-frameworks.sh",
				"${BUILT_PRODUCTS_DIR}/GLTFSceneKit/GLTFSceneKit.framework",
				"${BUILT_PRODUCTS_DIR}/GoogleToolboxForMac/GoogleToolboxForMac.framework",
				"${BUILT_PRODUCTS_DIR}/SamMitiAR/SamMitiAR.framework",
				"${BUILT_PRODUCTS_DIR}/nanopb/nanopb.framework",
			);
			name = "[CP] Embed Pods Frameworks";
			outputPaths = (
				"${TARGET_BUILD_DIR}/${FRAMEWORKS_FOLDER_PATH}/GLTFSceneKit.framework",
				"${TARGET_BUILD_DIR}/${FRAMEWORKS_FOLDER_PATH}/GoogleToolboxForMac.framework",
				"${TARGET_BUILD_DIR}/${FRAMEWORKS_FOLDER_PATH}/SamMitiAR.framework",
				"${TARGET_BUILD_DIR}/${FRAMEWORKS_FOLDER_PATH}/nanopb.framework",
			);
			runOnlyForDeploymentPostprocessing = 0;
			shellPath = /bin/sh;
			shellScript = "\"${SRCROOT}/Pods/Target Support Files/Pods-SamMiti-Example/Pods-SamMiti-Example-frameworks.sh\"\n";
			showEnvVarsInLog = 0;
		};
		5B5C04A99A12FF03F72D1F05 /* [CP] Check Pods Manifest.lock */ = {
			isa = PBXShellScriptBuildPhase;
			buildActionMask = 2147483647;
			files = (
			);
			inputPaths = (
				"${PODS_PODFILE_DIR_PATH}/Podfile.lock",
				"${PODS_ROOT}/Manifest.lock",
			);
			name = "[CP] Check Pods Manifest.lock";
			outputPaths = (
				"$(DERIVED_FILE_DIR)/Pods-SamMiti Auto Placing Example-checkManifestLockResult.txt",
			);
			runOnlyForDeploymentPostprocessing = 0;
			shellPath = /bin/sh;
			shellScript = "diff \"${PODS_PODFILE_DIR_PATH}/Podfile.lock\" \"${PODS_ROOT}/Manifest.lock\" > /dev/null\nif [ $? != 0 ] ; then\n    # print error to STDERR\n    echo \"error: The sandbox is not in sync with the Podfile.lock. Run 'pod install' or update your CocoaPods installation.\" >&2\n    exit 1\nfi\n# This output is used by Xcode 'outputs' to avoid re-running this script phase.\necho \"SUCCESS\" > \"${SCRIPT_OUTPUT_FILE_0}\"\n";
			showEnvVarsInLog = 0;
		};
		D9CF2CA6031D29CD44096D1C /* [CP] Check Pods Manifest.lock */ = {
			isa = PBXShellScriptBuildPhase;
			buildActionMask = 2147483647;
			files = (
			);
			inputPaths = (
				"${PODS_PODFILE_DIR_PATH}/Podfile.lock",
				"${PODS_ROOT}/Manifest.lock",
			);
			name = "[CP] Check Pods Manifest.lock";
			outputPaths = (
				"$(DERIVED_FILE_DIR)/Pods-SamMiti-Example-checkManifestLockResult.txt",
			);
			runOnlyForDeploymentPostprocessing = 0;
			shellPath = /bin/sh;
			shellScript = "diff \"${PODS_PODFILE_DIR_PATH}/Podfile.lock\" \"${PODS_ROOT}/Manifest.lock\" > /dev/null\nif [ $? != 0 ] ; then\n    # print error to STDERR\n    echo \"error: The sandbox is not in sync with the Podfile.lock. Run 'pod install' or update your CocoaPods installation.\" >&2\n    exit 1\nfi\n# This output is used by Xcode 'outputs' to avoid re-running this script phase.\necho \"SUCCESS\" > \"${SCRIPT_OUTPUT_FILE_0}\"\n";
			showEnvVarsInLog = 0;
		};
		FEFB5EC06BD2597FCC71A796 /* [CP] Embed Pods Frameworks */ = {
			isa = PBXShellScriptBuildPhase;
			buildActionMask = 2147483647;
			files = (
			);
			inputPaths = (
				"${SRCROOT}/Pods/Target Support Files/Pods-SamMiti Auto Placing Example/Pods-SamMiti Auto Placing Example-frameworks.sh",
				"${BUILT_PRODUCTS_DIR}/GLTFSceneKit/GLTFSceneKit.framework",
				"${BUILT_PRODUCTS_DIR}/GoogleToolboxForMac/GoogleToolboxForMac.framework",
				"${BUILT_PRODUCTS_DIR}/SamMitiAR/SamMitiAR.framework",
				"${BUILT_PRODUCTS_DIR}/nanopb/nanopb.framework",
			);
			name = "[CP] Embed Pods Frameworks";
			outputPaths = (
				"${TARGET_BUILD_DIR}/${FRAMEWORKS_FOLDER_PATH}/GLTFSceneKit.framework",
				"${TARGET_BUILD_DIR}/${FRAMEWORKS_FOLDER_PATH}/GoogleToolboxForMac.framework",
				"${TARGET_BUILD_DIR}/${FRAMEWORKS_FOLDER_PATH}/SamMitiAR.framework",
				"${TARGET_BUILD_DIR}/${FRAMEWORKS_FOLDER_PATH}/nanopb.framework",
			);
			runOnlyForDeploymentPostprocessing = 0;
			shellPath = /bin/sh;
			shellScript = "\"${SRCROOT}/Pods/Target Support Files/Pods-SamMiti Auto Placing Example/Pods-SamMiti Auto Placing Example-frameworks.sh\"\n";
			showEnvVarsInLog = 0;
		};
/* End PBXShellScriptBuildPhase section */

/* Begin PBXSourcesBuildPhase section */
		90A19A21201FAB67007ED597 /* Sources */ = {
			isa = PBXSourcesBuildPhase;
			buildActionMask = 2147483647;
			files = (
				90C4E945202DF224005DFED5 /* SamMitiVirtualObjectExtension.swift in Sources */,
				904B7FA72020AF1F0038B799 /* ARViewController.swift in Sources */,
				90A19A2B201FAB67007ED597 /* ViewController.swift in Sources */,
				90A19A29201FAB67007ED597 /* AppDelegate.swift in Sources */,
			);
			runOnlyForDeploymentPostprocessing = 0;
		};
		90AEF19221042C0100F69692 /* Sources */ = {
			isa = PBXSourcesBuildPhase;
			buildActionMask = 2147483647;
			files = (
				90AEF1AD21042CEA00F69692 /* ARViewController.swift in Sources */,
				90AEF19B21042C0100F69692 /* ViewController.swift in Sources */,
				90AEF19921042C0100F69692 /* AppDelegate.swift in Sources */,
			);
			runOnlyForDeploymentPostprocessing = 0;
		};
/* End PBXSourcesBuildPhase section */

/* Begin PBXVariantGroup section */
		90A19A2C201FAB67007ED597 /* Main.storyboard */ = {
			isa = PBXVariantGroup;
			children = (
				90A19A2D201FAB67007ED597 /* Base */,
			);
			name = Main.storyboard;
			sourceTree = "<group>";
		};
		90A19A31201FAB67007ED597 /* LaunchScreen.storyboard */ = {
			isa = PBXVariantGroup;
			children = (
				90A19A32201FAB67007ED597 /* Base */,
			);
			name = LaunchScreen.storyboard;
			sourceTree = "<group>";
		};
		90AEF19C21042C0100F69692 /* Main.storyboard */ = {
			isa = PBXVariantGroup;
			children = (
				90AEF19D21042C0100F69692 /* Base */,
			);
			name = Main.storyboard;
			sourceTree = "<group>";
		};
		90AEF1A121042C0200F69692 /* LaunchScreen.storyboard */ = {
			isa = PBXVariantGroup;
			children = (
				90AEF1A221042C0200F69692 /* Base */,
			);
			name = LaunchScreen.storyboard;
			sourceTree = "<group>";
		};
/* End PBXVariantGroup section */

/* Begin XCBuildConfiguration section */
		90A19A35201FAB67007ED597 /* Debug */ = {
			isa = XCBuildConfiguration;
			buildSettings = {
				ALWAYS_SEARCH_USER_PATHS = NO;
				CLANG_ANALYZER_NONNULL = YES;
				CLANG_ANALYZER_NUMBER_OBJECT_CONVERSION = YES_AGGRESSIVE;
				CLANG_CXX_LANGUAGE_STANDARD = "gnu++14";
				CLANG_CXX_LIBRARY = "libc++";
				CLANG_ENABLE_MODULES = YES;
				CLANG_ENABLE_OBJC_ARC = YES;
				CLANG_WARN_BLOCK_CAPTURE_AUTORELEASING = YES;
				CLANG_WARN_BOOL_CONVERSION = YES;
				CLANG_WARN_COMMA = YES;
				CLANG_WARN_CONSTANT_CONVERSION = YES;
				CLANG_WARN_DEPRECATED_OBJC_IMPLEMENTATIONS = YES;
				CLANG_WARN_DIRECT_OBJC_ISA_USAGE = YES_ERROR;
				CLANG_WARN_DOCUMENTATION_COMMENTS = YES;
				CLANG_WARN_EMPTY_BODY = YES;
				CLANG_WARN_ENUM_CONVERSION = YES;
				CLANG_WARN_INFINITE_RECURSION = YES;
				CLANG_WARN_INT_CONVERSION = YES;
				CLANG_WARN_NON_LITERAL_NULL_CONVERSION = YES;
				CLANG_WARN_OBJC_IMPLICIT_RETAIN_SELF = YES;
				CLANG_WARN_OBJC_LITERAL_CONVERSION = YES;
				CLANG_WARN_OBJC_ROOT_CLASS = YES_ERROR;
				CLANG_WARN_RANGE_LOOP_ANALYSIS = YES;
				CLANG_WARN_STRICT_PROTOTYPES = YES;
				CLANG_WARN_SUSPICIOUS_MOVE = YES;
				CLANG_WARN_UNGUARDED_AVAILABILITY = YES_AGGRESSIVE;
				CLANG_WARN_UNREACHABLE_CODE = YES;
				CLANG_WARN__DUPLICATE_METHOD_MATCH = YES;
				CODE_SIGN_IDENTITY = "iPhone Developer";
				COPY_PHASE_STRIP = NO;
				DEBUG_INFORMATION_FORMAT = dwarf;
				ENABLE_STRICT_OBJC_MSGSEND = YES;
				ENABLE_TESTABILITY = YES;
				GCC_C_LANGUAGE_STANDARD = gnu11;
				GCC_DYNAMIC_NO_PIC = NO;
				GCC_NO_COMMON_BLOCKS = YES;
				GCC_OPTIMIZATION_LEVEL = 0;
				GCC_PREPROCESSOR_DEFINITIONS = (
					"DEBUG=1",
					"$(inherited)",
				);
				GCC_WARN_64_TO_32_BIT_CONVERSION = YES;
				GCC_WARN_ABOUT_RETURN_TYPE = YES_ERROR;
				GCC_WARN_UNDECLARED_SELECTOR = YES;
				GCC_WARN_UNINITIALIZED_AUTOS = YES_AGGRESSIVE;
				GCC_WARN_UNUSED_FUNCTION = YES;
				GCC_WARN_UNUSED_VARIABLE = YES;
				IPHONEOS_DEPLOYMENT_TARGET = 11.2;
				MTL_ENABLE_DEBUG_INFO = YES;
				ONLY_ACTIVE_ARCH = YES;
				SDKROOT = iphoneos;
				SWIFT_ACTIVE_COMPILATION_CONDITIONS = DEBUG;
				SWIFT_OPTIMIZATION_LEVEL = "-Onone";
			};
			name = Debug;
		};
		90A19A36201FAB67007ED597 /* Release */ = {
			isa = XCBuildConfiguration;
			buildSettings = {
				ALWAYS_SEARCH_USER_PATHS = NO;
				CLANG_ANALYZER_NONNULL = YES;
				CLANG_ANALYZER_NUMBER_OBJECT_CONVERSION = YES_AGGRESSIVE;
				CLANG_CXX_LANGUAGE_STANDARD = "gnu++14";
				CLANG_CXX_LIBRARY = "libc++";
				CLANG_ENABLE_MODULES = YES;
				CLANG_ENABLE_OBJC_ARC = YES;
				CLANG_WARN_BLOCK_CAPTURE_AUTORELEASING = YES;
				CLANG_WARN_BOOL_CONVERSION = YES;
				CLANG_WARN_COMMA = YES;
				CLANG_WARN_CONSTANT_CONVERSION = YES;
				CLANG_WARN_DEPRECATED_OBJC_IMPLEMENTATIONS = YES;
				CLANG_WARN_DIRECT_OBJC_ISA_USAGE = YES_ERROR;
				CLANG_WARN_DOCUMENTATION_COMMENTS = YES;
				CLANG_WARN_EMPTY_BODY = YES;
				CLANG_WARN_ENUM_CONVERSION = YES;
				CLANG_WARN_INFINITE_RECURSION = YES;
				CLANG_WARN_INT_CONVERSION = YES;
				CLANG_WARN_NON_LITERAL_NULL_CONVERSION = YES;
				CLANG_WARN_OBJC_IMPLICIT_RETAIN_SELF = YES;
				CLANG_WARN_OBJC_LITERAL_CONVERSION = YES;
				CLANG_WARN_OBJC_ROOT_CLASS = YES_ERROR;
				CLANG_WARN_RANGE_LOOP_ANALYSIS = YES;
				CLANG_WARN_STRICT_PROTOTYPES = YES;
				CLANG_WARN_SUSPICIOUS_MOVE = YES;
				CLANG_WARN_UNGUARDED_AVAILABILITY = YES_AGGRESSIVE;
				CLANG_WARN_UNREACHABLE_CODE = YES;
				CLANG_WARN__DUPLICATE_METHOD_MATCH = YES;
				CODE_SIGN_IDENTITY = "iPhone Developer";
				COPY_PHASE_STRIP = NO;
				DEBUG_INFORMATION_FORMAT = "dwarf-with-dsym";
				ENABLE_NS_ASSERTIONS = NO;
				ENABLE_STRICT_OBJC_MSGSEND = YES;
				GCC_C_LANGUAGE_STANDARD = gnu11;
				GCC_NO_COMMON_BLOCKS = YES;
				GCC_WARN_64_TO_32_BIT_CONVERSION = YES;
				GCC_WARN_ABOUT_RETURN_TYPE = YES_ERROR;
				GCC_WARN_UNDECLARED_SELECTOR = YES;
				GCC_WARN_UNINITIALIZED_AUTOS = YES_AGGRESSIVE;
				GCC_WARN_UNUSED_FUNCTION = YES;
				GCC_WARN_UNUSED_VARIABLE = YES;
				IPHONEOS_DEPLOYMENT_TARGET = 11.2;
				MTL_ENABLE_DEBUG_INFO = NO;
				SDKROOT = iphoneos;
				SWIFT_OPTIMIZATION_LEVEL = "-Owholemodule";
				VALIDATE_PRODUCT = YES;
			};
			name = Release;
		};
		90A19A38201FAB67007ED597 /* Debug */ = {
			isa = XCBuildConfiguration;
			baseConfigurationReference = A645A372D5FFD4707A75F533 /* Pods-SamMiti-Example.debug.xcconfig */;
			buildSettings = {
				ASSETCATALOG_COMPILER_APPICON_NAME = AppIcon;
				CLANG_ENABLE_OBJC_WEAK = YES;
				CODE_SIGN_STYLE = Automatic;
				DEVELOPMENT_TEAM = EJ5UD9292F;
				INFOPLIST_FILE = "SamMiti-Example/Info.plist";
				IPHONEOS_DEPLOYMENT_TARGET = 11.3;
				LD_RUNPATH_SEARCH_PATHS = "$(inherited) @executable_path/Frameworks";
				PRODUCT_BUNDLE_IDENTIFIER = "com.virakri.SamMitiAR-Framework-Example";
				PRODUCT_NAME = "$(TARGET_NAME)";
				SWIFT_VERSION = 4.2;
				TARGETED_DEVICE_FAMILY = "1,2";
			};
			name = Debug;
		};
		90A19A39201FAB67007ED597 /* Release */ = {
			isa = XCBuildConfiguration;
			baseConfigurationReference = E9A14DF5488C0B8CBD64DA9D /* Pods-SamMiti-Example.release.xcconfig */;
			buildSettings = {
				ASSETCATALOG_COMPILER_APPICON_NAME = AppIcon;
				CLANG_ENABLE_OBJC_WEAK = YES;
				CODE_SIGN_STYLE = Automatic;
				DEVELOPMENT_TEAM = EJ5UD9292F;
				INFOPLIST_FILE = "SamMiti-Example/Info.plist";
				IPHONEOS_DEPLOYMENT_TARGET = 11.3;
				LD_RUNPATH_SEARCH_PATHS = "$(inherited) @executable_path/Frameworks";
				PRODUCT_BUNDLE_IDENTIFIER = "com.virakri.SamMitiAR-Framework-Example";
				PRODUCT_NAME = "$(TARGET_NAME)";
				SWIFT_VERSION = 4.2;
				TARGETED_DEVICE_FAMILY = "1,2";
			};
			name = Release;
		};
		90AEF1A521042C0200F69692 /* Debug */ = {
			isa = XCBuildConfiguration;
			baseConfigurationReference = 5061CE79337B79943D42A71B /* Pods-SamMiti Auto Placing Example.debug.xcconfig */;
			buildSettings = {
				ASSETCATALOG_COMPILER_APPICON_NAME = AppIcon;
				CLANG_ENABLE_OBJC_WEAK = YES;
				CODE_SIGN_STYLE = Automatic;
				DEVELOPMENT_TEAM = 7J5JZ3G2QB;
				INFOPLIST_FILE = "SamMiti Auto Placing Example/Info.plist";
				IPHONEOS_DEPLOYMENT_TARGET = 12.0;
				LD_RUNPATH_SEARCH_PATHS = "$(inherited) @executable_path/Frameworks";
				MTL_ENABLE_DEBUG_INFO = INCLUDE_SOURCE;
				MTL_FAST_MATH = YES;
				PRODUCT_BUNDLE_IDENTIFIER = "com.prolificinteractive.sammitiar-framework-autoplacing-example.SamMiti-AR-Auto-placing-Example";
				PRODUCT_NAME = "$(TARGET_NAME)";
				SWIFT_VERSION = 4.2;
				TARGETED_DEVICE_FAMILY = "1,2";
			};
			name = Debug;
		};
		90AEF1A621042C0200F69692 /* Release */ = {
			isa = XCBuildConfiguration;
			baseConfigurationReference = 961F87579380FD3A2555ADE4 /* Pods-SamMiti Auto Placing Example.release.xcconfig */;
			buildSettings = {
				ASSETCATALOG_COMPILER_APPICON_NAME = AppIcon;
				CLANG_ENABLE_OBJC_WEAK = YES;
				CODE_SIGN_STYLE = Automatic;
				DEVELOPMENT_TEAM = 7J5JZ3G2QB;
				INFOPLIST_FILE = "SamMiti Auto Placing Example/Info.plist";
				IPHONEOS_DEPLOYMENT_TARGET = 12.0;
				LD_RUNPATH_SEARCH_PATHS = "$(inherited) @executable_path/Frameworks";
				MTL_FAST_MATH = YES;
				PRODUCT_BUNDLE_IDENTIFIER = "com.prolificinteractive.sammitiar-framework-autoplacing-example.SamMiti-AR-Auto-placing-Example";
				PRODUCT_NAME = "$(TARGET_NAME)";
				SWIFT_VERSION = 4.2;
				TARGETED_DEVICE_FAMILY = "1,2";
			};
			name = Release;
		};
/* End XCBuildConfiguration section */

/* Begin XCConfigurationList section */
		90A19A20201FAB67007ED597 /* Build configuration list for PBXProject "SamMiti-Example" */ = {
			isa = XCConfigurationList;
			buildConfigurations = (
				90A19A35201FAB67007ED597 /* Debug */,
				90A19A36201FAB67007ED597 /* Release */,
			);
			defaultConfigurationIsVisible = 0;
			defaultConfigurationName = Release;
		};
		90A19A37201FAB67007ED597 /* Build configuration list for PBXNativeTarget "SamMiti-Example" */ = {
			isa = XCConfigurationList;
			buildConfigurations = (
				90A19A38201FAB67007ED597 /* Debug */,
				90A19A39201FAB67007ED597 /* Release */,
			);
			defaultConfigurationIsVisible = 0;
			defaultConfigurationName = Release;
		};
		90AEF1A721042C0200F69692 /* Build configuration list for PBXNativeTarget "SamMiti Auto Placing Example" */ = {
			isa = XCConfigurationList;
			buildConfigurations = (
				90AEF1A521042C0200F69692 /* Debug */,
				90AEF1A621042C0200F69692 /* Release */,
			);
			defaultConfigurationIsVisible = 0;
			defaultConfigurationName = Release;
		};
/* End XCConfigurationList section */
	};
	rootObject = 90A19A1D201FAB67007ED597 /* Project object */;
}
