PODS:
  - Firebase/Core (5.4.0):
    - Firebase/CoreOnly
    - FirebaseAnalytics (= 5.0.1)
  - Firebase/CoreOnly (5.4.0):
    - FirebaseCore (= 5.0.5)
  - FirebaseAnalytics (5.0.1):
    - FirebaseCore (~> 5.0)
    - FirebaseInstanceID (~> 3.0)
    - "GoogleToolboxForMac/NSData+zlib (~> 2.1)"
    - nanopb (~> 0.3)
  - FirebaseCore (5.0.5):
    - "GoogleToolboxForMac/NSData+zlib (~> 2.1)"
  - FirebaseInstanceID (3.1.1):
    - FirebaseCore (~> 5.0)
  - GLTFSceneKit (0.1.3)
  - GoogleToolboxForMac/Defines (2.1.4)
  - "GoogleToolboxForMac/NSData+zlib (2.1.4)":
    - GoogleToolboxForMac/Defines (= 2.1.4)
  - nanopb (0.3.8):
    - nanopb/decode (= 0.3.8)
    - nanopb/encode (= 0.3.8)
  - nanopb/decode (0.3.8)
  - nanopb/encode (0.3.8)
  - SamMitiAR (0.1.2):
    - GLTFSceneKit (~> 0.1)

DEPENDENCIES:
  - Firebase/Core
  - SamMitiAR (from `../../`)

SPEC REPOS:
  https://github.com/cocoapods/specs.git:
    - Firebase
    - FirebaseAnalytics
    - FirebaseCore
    - FirebaseInstanceID
    - GLTFSceneKit
    - GoogleToolboxForMac
    - nanopb

EXTERNAL SOURCES:
  SamMitiAR:
    :path: "../../"

SPEC CHECKSUMS:
  Firebase: d66f4f29c23f22d96808d9abc174d81d8eee968f
  FirebaseAnalytics: b3628aea54c50464c32c393fb2ea032566e7ecc2
  FirebaseCore: 42b3267233bd21a5abd54117ccc38ca3dd0f8e83
  FirebaseInstanceID: f3f0657372592ecdfdfe2cac604a5a75758376a6
  GLTFSceneKit: fbec7ef104128201bde53ac5bc37c8a05d764cdf
  GoogleToolboxForMac: 91c824d21e85b31c2aae9bb011c5027c9b4e738f
  nanopb: 5601e6bca2dbf1ed831b519092ec110f66982ca3
  SamMitiAR: 3ed0eb3b5540c3244bfb789f60bc92f83aca09a9

PODFILE CHECKSUM: 7801f176296a25440a8bd30ab9414f36ddbd3fb3

COCOAPODS: 1.5.3
