PODS:
  - GLTFSceneKit (0.1.3)
  - SamMitiAR (1.0.0):
    - GLTFSceneKit (~> 0.1)

DEPENDENCIES:
  - SamMitiAR (from `../`)

SPEC REPOS:
  https://github.com/cocoapods/specs.git:
    - GLTFSceneKit

EXTERNAL SOURCES:
  SamMitiAR:
    :path: "../"

SPEC CHECKSUMS:
  GLTFSceneKit: fbec7ef104128201bde53ac5bc37c8a05d764cdf
  SamMitiAR: 827e92583ab198574a9c48300ea961e1083f0dcb

PODFILE CHECKSUM: 6ae50989df5cef888bfe6e9043ae809a1470ad59

COCOAPODS: 1.5.3
